
Microsoft Visual Studio Solution File, Format Version 12.00
# Visual Studio 15
VisualStudioVersion = 15.0.28307.329
MinimumVisualStudioVersion = 10.0.40219.1
Project("{FAE04EC0-301F-11D3-BF4B-00C04F79EFBC}") = "FutureFinancing", "FutureFinancing\FutureFinancing.csproj", "{F6A7C136-5316-4903-A6F2-DE98570F5CB5}"
EndProject
Project("{FAE04EC0-301F-11D3-BF4B-00C04F79EFBC}") = "FutureFinancingUnitTests", "FutureFinancingUnitTests\FutureFinancingUnitTests.csproj", "{2421568C-5F92-4C37-B45C-5DE93A23500C}"
EndProject
Global
	GlobalSection(SolutionConfigurationPlatforms) = preSolution
		Debug|Any CPU = Debug|Any CPU
		Release|Any CPU = Release|Any CPU
	EndGlobalSection
	GlobalSection(ProjectConfigurationPlatforms) = postSolution
		{F6A7C136-5316-4903-A6F2-DE98570F5CB5}.Debug|Any CPU.ActiveCfg = Debug|Any CPU
		{F6A7C136-5316-4903-A6F2-DE98570F5CB5}.Debug|Any CPU.Build.0 = Debug|Any CPU
		{F6A7C136-5316-4903-A6F2-DE98570F5CB5}.Release|Any CPU.ActiveCfg = Release|Any CPU
		{F6A7C136-5316-4903-A6F2-DE98570F5CB5}.Release|Any CPU.Build.0 = Release|Any CPU
		{2421568C-5F92-4C37-B45C-5DE93A23500C}.Debug|Any CPU.ActiveCfg = Debug|Any CPU
		{2421568C-5F92-4C37-B45C-5DE93A23500C}.Debug|Any CPU.Build.0 = Debug|Any CPU
		{2421568C-5F92-4C37-B45C-5DE93A23500C}.Release|Any CPU.ActiveCfg = Release|Any CPU
		{2421568C-5F92-4C37-B45C-5DE93A23500C}.Release|Any CPU.Build.0 = Release|Any CPU
	EndGlobalSection
	GlobalSection(SolutionProperties) = preSolution
		HideSolutionNode = FALSE
	EndGlobalSection
	GlobalSection(ExtensibilityGlobals) = postSolution
		SolutionGuid = {556242F8-B6C0-475C-B9F0-D82575F2AA99}
	EndGlobalSection
EndGlobal
